{
  "nodes": {
    "nixpkgs": {
      "locked": {
        "lastModified": 1692739991,
        "narHash": "sha256-ZTZHnXLCfAD0WfJ9mCqbllkKJI8dtlZzF6YyT42KFEU=",
        "owner": "NixOS",
        "repo": "nixpkgs",
        "rev": "f2f2a6e17be7c979b4c3bdf3828fff5b5e80c04d",
        "type": "github"
      },
      "original": {
        "owner": "NixOS",
        "repo": "nixpkgs",
        "type": "github"
      }
    },
    "root": {
      "inputs": {
        "nixpkgs": "nixpkgs"
      }
    }
  },
  "root": "root",
  "version": 7
}
